// !$*UTF8*$!
{
	archiveVersion = 1;
	classes = {
	};
	objectVersion = 46;
	objects = {

/* Begin PBXBuildFile section */
		FD997BE919F1502400AF76B8 /* main.m in Sources */ = {isa = PBXBuildFile; fileRef = FD997BE819F1502400AF76B8 /* main.m */; };
		FD997BEC19F1502400AF76B8 /* AppDelegate.m in Sources */ = {isa = PBXBuildFile; fileRef = FD997BEB19F1502400AF76B8 /* AppDelegate.m */; };
		FD997BEF19F1502400AF76B8 /* ViewController.m in Sources */ = {isa = PBXBuildFile; fileRef = FD997BEE19F1502400AF76B8 /* ViewController.m */; };
		FD997BF219F1502400AF76B8 /* Main.storyboard in Resources */ = {isa = PBXBuildFile; fileRef = FD997BF019F1502400AF76B8 /* Main.storyboard */; };
		FD997BF419F1502400AF76B8 /* Images.xcassets in Resources */ = {isa = PBXBuildFile; fileRef = FD997BF319F1502400AF76B8 /* Images.xcassets */; };
		FD997BF719F1502400AF76B8 /* LaunchScreen.xib in Resources */ = {isa = PBXBuildFile; fileRef = FD997BF519F1502400AF76B8 /* LaunchScreen.xib */; };
		FD997C0319F1502400AF76B8 /* significantTests.m in Sources */ = {isa = PBXBuildFile; fileRef = FD997C0219F1502400AF76B8 /* significantTests.m */; };
		FD997C0D19F151F900AF76B8 /* MapKit.framework in Frameworks */ = {isa = PBXBuildFile; fileRef = FD997C0C19F151F900AF76B8 /* MapKit.framework */; };
/* End PBXBuildFile section */

/* Begin PBXContainerItemProxy section */
		FD997BFD19F1502400AF76B8 /* PBXContainerItemProxy */ = {
			isa = PBXContainerItemProxy;
			containerPortal = FD997BDB19F1502400AF76B8 /* Project object */;
			proxyType = 1;
			remoteGlobalIDString = FD997BE219F1502400AF76B8;
			remoteInfo = significant;
		};
/* End PBXContainerItemProxy section */

/* Begin PBXFileReference section */
		FD997BE319F1502400AF76B8 /* significant.app */ = {isa = PBXFileReference; explicitFileType = wrapper.application; includeInIndex = 0; path = significant.app; sourceTree = BUILT_PRODUCTS_DIR; };
		FD997BE719F1502400AF76B8 /* Info.plist */ = {isa = PBXFileReference; lastKnownFileType = text.plist.xml; path = Info.plist; sourceTree = "<group>"; };
		FD997BE819F1502400AF76B8 /* main.m */ = {isa = PBXFileReference; lastKnownFileType = sourcecode.c.objc; path = main.m; sourceTree = "<group>"; };
		FD997BEA19F1502400AF76B8 /* AppDelegate.h */ = {isa = PBXFileReference; lastKnownFileType = sourcecode.c.h; path = AppDelegate.h; sourceTree = "<group>"; };
		FD997BEB19F1502400AF76B8 /* AppDelegate.m */ = {isa = PBXFileReference; lastKnownFileType = sourcecode.c.objc; path = AppDelegate.m; sourceTree = "<group>"; };
		FD997BED19F1502400AF76B8 /* ViewController.h */ = {isa = PBXFileReference; lastKnownFileType = sourcecode.c.h; path = ViewController.h; sourceTree = "<group>"; };
		FD997BEE19F1502400AF76B8 /* ViewController.m */ = {isa = PBXFileReference; lastKnownFileType = sourcecode.c.objc; path = ViewController.m; sourceTree = "<group>"; };
		FD997BF119F1502400AF76B8 /* Base */ = {isa = PBXFileReference; lastKnownFileType = file.storyboard; name = Base; path = Base.lproj/Main.storyboard; sourceTree = "<group>"; };
		FD997BF319F1502400AF76B8 /* Images.xcassets */ = {isa = PBXFileReference; lastKnownFileType = folder.assetcatalog; path = Images.xcassets; sourceTree = "<group>"; };
		FD997BF619F1502400AF76B8 /* Base */ = {isa = PBXFileReference; lastKnownFileType = file.xib; name = Base; path = Base.lproj/LaunchScreen.xib; sourceTree = "<group>"; };
		FD997BFC19F1502400AF76B8 /* significantTests.xctest */ = {isa = PBXFileReference; explicitFileType = wrapper.cfbundle; includeInIndex = 0; path = significantTests.xctest; sourceTree = BUILT_PRODUCTS_DIR; };
		FD997C0119F1502400AF76B8 /* Info.plist */ = {isa = PBXFileReference; lastKnownFileType = text.plist.xml; path = Info.plist; sourceTree = "<group>"; };
		FD997C0219F1502400AF76B8 /* significantTests.m */ = {isa = PBXFileReference; lastKnownFileType = sourcecode.c.objc; path = significantTests.m; sourceTree = "<group>"; };
		FD997C0C19F151F900AF76B8 /* MapKit.framework */ = {isa = PBXFileReference; lastKnownFileType = wrapper.framework; name = MapKit.framework; path = System/Library/Frameworks/MapKit.framework; sourceTree = SDKROOT; };
/* End PBXFileReference section */

/* Begin PBXFrameworksBuildPhase section */
		FD997BE019F1502400AF76B8 /* Frameworks */ = {
			isa = PBXFrameworksBuildPhase;
			buildActionMask = 2147483647;
			files = (
				FD997C0D19F151F900AF76B8 /* MapKit.framework in Frameworks */,
			);
			runOnlyForDeploymentPostprocessing = 0;
		};
		FD997BF919F1502400AF76B8 /* Frameworks */ = {
			isa = PBXFrameworksBuildPhase;
			buildActionMask = 2147483647;
			files = (
			);
			runOnlyForDeploymentPostprocessing = 0;
		};
/* End PBXFrameworksBuildPhase section */

/* Begin PBXGroup section */
		FD997BDA19F1502400AF76B8 = {
			isa = PBXGroup;
			children = (
				FD997C0C19F151F900AF76B8 /* MapKit.framework */,
				FD997BE519F1502400AF76B8 /* significant */,
				FD997BFF19F1502400AF76B8 /* significantTests */,
				FD997BE419F1502400AF76B8 /* Products */,
			);
			sourceTree = "<group>";
		};
		FD997BE419F1502400AF76B8 /* Products */ = {
			isa = PBXGroup;
			children = (
				FD997BE319F1502400AF76B8 /* significant.app */,
				FD997BFC19F1502400AF76B8 /* significantTests.xctest */,
			);
			name = Products;
			sourceTree = "<group>";
		};
		FD997BE519F1502400AF76B8 /* significant */ = {
			isa = PBXGroup;
			children = (
				FD997BEA19F1502400AF76B8 /* AppDelegate.h */,
				FD997BEB19F1502400AF76B8 /* AppDelegate.m */,
				FD997BED19F1502400AF76B8 /* ViewController.h */,
				FD997BEE19F1502400AF76B8 /* ViewController.m */,
				FD997BF019F1502400AF76B8 /* Main.storyboard */,
				FD997BF319F1502400AF76B8 /* Images.xcassets */,
				FD997BF519F1502400AF76B8 /* LaunchScreen.xib */,
				FD997BE619F1502400AF76B8 /* Supporting Files */,
			);
			path = significant;
			sourceTree = "<group>";
		};
		FD997BE619F1502400AF76B8 /* Supporting Files */ = {
			isa = PBXGroup;
			children = (
				FD997BE719F1502400AF76B8 /* Info.plist */,
				FD997BE819F1502400AF76B8 /* main.m */,
			);
			name = "Supporting Files";
			sourceTree = "<group>";
		};
		FD997BFF19F1502400AF76B8 /* significantTests */ = {
			isa = PBXGroup;
			children = (
				FD997C0219F1502400AF76B8 /* significantTests.m */,
				FD997C0019F1502400AF76B8 /* Supporting Files */,
			);
			path = significantTests;
			sourceTree = "<group>";
		};
		FD997C0019F1502400AF76B8 /* Supporting Files */ = {
			isa = PBXGroup;
			children = (
				FD997C0119F1502400AF76B8 /* Info.plist */,
			);
			name = "Supporting Files";
			sourceTree = "<group>";
		};
/* End PBXGroup section */

/* Begin PBXNativeTarget section */
		FD997BE219F1502400AF76B8 /* significant */ = {
			isa = PBXNativeTarget;
			buildConfigurationList = FD997C0619F1502400AF76B8 /* Build configuration list for PBXNativeTarget "significant" */;
			buildPhases = (
				FD997BDF19F1502400AF76B8 /* Sources */,
				FD997BE019F1502400AF76B8 /* Frameworks */,
				FD997BE119F1502400AF76B8 /* Resources */,
			);
			buildRules = (
			);
			dependencies = (
			);
			name = significant;
			productName = significant;
			productReference = FD997BE319F1502400AF76B8 /* significant.app */;
			productType = "com.apple.product-type.application";
		};
		FD997BFB19F1502400AF76B8 /* significantTests */ = {
			isa = PBXNativeTarget;
			buildConfigurationList = FD997C0919F1502400AF76B8 /* Build configuration list for PBXNativeTarget "significantTests" */;
			buildPhases = (
				FD997BF819F1502400AF76B8 /* Sources */,
				FD997BF919F1502400AF76B8 /* Frameworks */,
				FD997BFA19F1502400AF76B8 /* Resources */,
			);
			buildRules = (
			);
			dependencies = (
				FD997BFE19F1502400AF76B8 /* PBXTargetDependency */,
			);
			name = significantTests;
			productName = significantTests;
			productReference = FD997BFC19F1502400AF76B8 /* significantTests.xctest */;
			productType = "com.apple.product-type.bundle.unit-test";
		};
/* End PBXNativeTarget section */

/* Begin PBXProject section */
		FD997BDB19F1502400AF76B8 /* Project object */ = {
			isa = PBXProject;
			attributes = {
				LastUpgradeCheck = 0600;
				ORGANIZATIONNAME = Aspyct;
				TargetAttributes = {
					FD997BE219F1502400AF76B8 = {
						CreatedOnToolsVersion = 6.0.1;
						DevelopmentTeam = 8Z46JY66H3;
						SystemCapabilities = {
							com.apple.BackgroundModes = {
								enabled = 1;
							};
							com.apple.Maps.iOS = {
								enabled = 1;
							};
						};
					};
					FD997BFB19F1502400AF76B8 = {
						CreatedOnToolsVersion = 6.0.1;
						TestTargetID = FD997BE219F1502400AF76B8;
					};
				};
			};
			buildConfigurationList = FD997BDE19F1502400AF76B8 /* Build configuration list for PBXProject "significant" */;
			compatibilityVersion = "Xcode 3.2";
			developmentRegion = English;
			hasScannedForEncodings = 0;
			knownRegions = (
				en,
				Base,
			);
			mainGroup = FD997BDA19F1502400AF76B8;
			productRefGroup = FD997BE419F1502400AF76B8 /* Products */;
			projectDirPath = "";
			projectRoot = "";
			targets = (
				FD997BE219F1502400AF76B8 /* significant */,
				FD997BFB19F1502400AF76B8 /* significantTests */,
			);
		};
/* End PBXProject section */

/* Begin PBXResourcesBuildPhase section */
		FD997BE119F1502400AF76B8 /* Resources */ = {
			isa = PBXResourcesBuildPhase;
			buildActionMask = 2147483647;
			files = (
				FD997BF219F1502400AF76B8 /* Main.storyboard in Resources */,
				FD997BF719F1502400AF76B8 /* LaunchScreen.xib in Resources */,
				FD997BF419F1502400AF76B8 /* Images.xcassets in Resources */,
			);
			runOnlyForDeploymentPostprocessing = 0;
		};
		FD997BFA19F1502400AF76B8 /* Resources */ = {
			isa = PBXResourcesBuildPhase;
			buildActionMask = 2147483647;
			files = (
			);
			runOnlyForDeploymentPostprocessing = 0;
		};
/* End PBXResourcesBuildPhase section */

/* Begin PBXSourcesBuildPhase section */
		FD997BDF19F1502400AF76B8 /* Sources */ = {
			isa = PBXSourcesBuildPhase;
			buildActionMask = 2147483647;
			files = (
				FD997BEF19F1502400AF76B8 /* ViewController.m in Sources */,
				FD997BEC19F1502400AF76B8 /* AppDelegate.m in Sources */,
				FD997BE919F1502400AF76B8 /* main.m in Sources */,
			);
			runOnlyForDeploymentPostprocessing = 0;
		};
		FD997BF819F1502400AF76B8 /* Sources */ = {
			isa = PBXSourcesBuildPhase;
			buildActionMask = 2147483647;
			files = (
				FD997C0319F1502400AF76B8 /* significantTests.m in Sources */,
			);
			runOnlyForDeploymentPostprocessing = 0;
		};
/* End PBXSourcesBuildPhase section */

/* Begin PBXTargetDependency section */
		FD997BFE19F1502400AF76B8 /* PBXTargetDependency */ = {
			isa = PBXTargetDependency;
			target = FD997BE219F1502400AF76B8 /* significant */;
			targetProxy = FD997BFD19F1502400AF76B8 /* PBXContainerItemProxy */;
		};
/* End PBXTargetDependency section */

/* Begin PBXVariantGroup section */
		FD997BF019F1502400AF76B8 /* Main.storyboard */ = {
			isa = PBXVariantGroup;
			children = (
				FD997BF119F1502400AF76B8 /* Base */,
			);
			name = Main.storyboard;
			sourceTree = "<group>";
		};
		FD997BF519F1502400AF76B8 /* LaunchScreen.xib */ = {
			isa = PBXVariantGroup;
			children = (
				FD997BF619F1502400AF76B8 /* Base */,
			);
			name = LaunchScreen.xib;
			sourceTree = "<group>";
		};
/* End PBXVariantGroup section */

/* Begin XCBuildConfiguration section */
		FD997C0419F1502400AF76B8 /* Debug */ = {
			isa = XCBuildConfiguration;
			buildSettings = {
				ALWAYS_SEARCH_USER_PATHS = NO;
				CLANG_CXX_LANGUAGE_STANDARD = "gnu++0x";
				CLANG_CXX_LIBRARY = "libc++";
				CLANG_ENABLE_MODULES = YES;
				CLANG_ENABLE_OBJC_ARC = YES;
				CLANG_WARN_BOOL_CONVERSION = YES;
				CLANG_WARN_CONSTANT_CONVERSION = YES;
				CLANG_WARN_DIRECT_OBJC_ISA_USAGE = YES_ERROR;
				CLANG_WARN_EMPTY_BODY = YES;
				CLANG_WARN_ENUM_CONVERSION = YES;
				CLANG_WARN_INT_CONVERSION = YES;
				CLANG_WARN_OBJC_ROOT_CLASS = YES_ERROR;
				CLANG_WARN_UNREACHABLE_CODE = YES;
				CLANG_WARN__DUPLICATE_METHOD_MATCH = YES;
				"CODE_SIGN_IDENTITY[sdk=iphoneos*]" = "iPhone Developer";
				COPY_PHASE_STRIP = NO;
				ENABLE_STRICT_OBJC_MSGSEND = YES;
				GCC_C_LANGUAGE_STANDARD = gnu99;
				GCC_DYNAMIC_NO_PIC = NO;
				GCC_OPTIMIZATION_LEVEL = 0;
				GCC_PREPROCESSOR_DEFINITIONS = (
					"DEBUG=1",
					"$(inherited)",
				);
				GCC_SYMBOLS_PRIVATE_EXTERN = NO;
				GCC_WARN_64_TO_32_BIT_CONVERSION = YES;
				GCC_WARN_ABOUT_RETURN_TYPE = YES_ERROR;
				GCC_WARN_UNDECLARED_SELECTOR = YES;
				GCC_WARN_UNINITIALIZED_AUTOS = YES_AGGRESSIVE;
				GCC_WARN_UNUSED_FUNCTION = YES;
				GCC_WARN_UNUSED_VARIABLE = YES;
				IPHONEOS_DEPLOYMENT_TARGET = 8.0;
				MTL_ENABLE_DEBUG_INFO = YES;
				ONLY_ACTIVE_ARCH = YES;
				SDKROOT = iphoneos;
			};
			name = Debug;
		};
		FD997C0519F1502400AF76B8 /* Release */ = {
			isa = XCBuildConfiguration;
			buildSettings = {
				ALWAYS_SEARCH_USER_PATHS = NO;
				CLANG_CXX_LANGUAGE_STANDARD = "gnu++0x";
				CLANG_CXX_LIBRARY = "libc++";
				CLANG_ENABLE_MODULES = YES;
				CLANG_ENABLE_OBJC_ARC = YES;
				CLANG_WARN_BOOL_CONVERSION = YES;
				CLANG_WARN_CONSTANT_CONVERSION = YES;
				CLANG_WARN_DIRECT_OBJC_ISA_USAGE = YES_ERROR;
				CLANG_WARN_EMPTY_BODY = YES;
				CLANG_WARN_ENUM_CONVERSION = YES;
				CLANG_WARN_INT_CONVERSION = YES;
				CLANG_WARN_OBJC_ROOT_CLASS = YES_ERROR;
				CLANG_WARN_UNREACHABLE_CODE = YES;
				CLANG_WARN__DUPLICATE_METHOD_MATCH = YES;
				"CODE_SIGN_IDENTITY[sdk=iphoneos*]" = "iPhone Developer";
				COPY_PHASE_STRIP = YES;
				ENABLE_NS_ASSERTIONS = NO;
				ENABLE_STRICT_OBJC_MSGSEND = YES;
				GCC_C_LANGUAGE_STANDARD = gnu99;
				GCC_WARN_64_TO_32_BIT_CONVERSION = YES;
				GCC_WARN_ABOUT_RETURN_TYPE = YES_ERROR;
				GCC_WARN_UNDECLARED_SELECTOR = YES;
				GCC_WARN_UNINITIALIZED_AUTOS = YES_AGGRESSIVE;
				GCC_WARN_UNUSED_FUNCTION = YES;
				GCC_WARN_UNUSED_VARIABLE = YES;
				IPHONEOS_DEPLOYMENT_TARGET = 8.0;
				MTL_ENABLE_DEBUG_INFO = NO;
				SDKROOT = iphoneos;
				VALIDATE_PRODUCT = YES;
			};
			name = Release;
		};
		FD997C0719F1502400AF76B8 /* Debug */ = {
			isa = XCBuildConfiguration;
			buildSettings = {
				ASSETCATALOG_COMPILER_APPICON_NAME = AppIcon;
				CODE_SIGN_IDENTITY = "iPhone Developer";
				"CODE_SIGN_IDENTITY[sdk=iphoneos*]" = "iPhone Developer";
				INFOPLIST_FILE = significant/Info.plist;
				LD_RUNPATH_SEARCH_PATHS = "$(inherited) @executable_path/Frameworks";
				PRODUCT_NAME = "$(TARGET_NAME)";
				PROVISIONING_PROFILE = "";
			};
			name = Debug;
		};
		FD997C0819F1502400AF76B8 /* Release */ = {
			isa = XCBuildConfiguration;
			buildSettings = {
				ASSETCATALOG_COMPILER_APPICON_NAME = AppIcon;
				CODE_SIGN_IDENTITY = "iPhone Developer";
				"CODE_SIGN_IDENTITY[sdk=iphoneos*]" = "iPhone Developer";
				INFOPLIST_FILE = significant/Info.plist;
				LD_RUNPATH_SEARCH_PATHS = "$(inherited) @executable_path/Frameworks";
				PRODUCT_NAME = "$(TARGET_NAME)";
				PROVISIONING_PROFILE = "";
			};
			name = Release;
		};
		FD997C0A19F1502400AF76B8 /* Debug */ = {
			isa = XCBuildConfiguration;
			buildSettings = {
				BUNDLE_LOADER = "$(TEST_HOST)";
				FRAMEWORK_SEARCH_PATHS = (
					"$(SDKROOT)/Developer/Library/Frameworks",
					"$(inherited)",
				);
				GCC_PREPROCESSOR_DEFINITIONS = (
					"DEBUG=1",
					"$(inherited)",
				);
				INFOPLIST_FILE = significantTests/Info.plist;
				LD_RUNPATH_SEARCH_PATHS = "$(inherited) @executable_path/Frameworks @loader_path/Frameworks";
				PRODUCT_NAME = "$(TARGET_NAME)";
				TEST_HOST = "$(BUILT_PRODUCTS_DIR)/significant.app/significant";
			};
			name = Debug;
		};
		FD997C0B19F1502400AF76B8 /* Release */ = {
			isa = XCBuildConfiguration;
			buildSettings = {
				BUNDLE_LOADER = "$(TEST_HOST)";
				FRAMEWORK_SEARCH_PATHS = (
					"$(SDKROOT)/Developer/Library/Frameworks",
					"$(inherited)",
				);
				INFOPLIST_FILE = significantTests/Info.plist;
				LD_RUNPATH_SEARCH_PATHS = "$(inherited) @executable_path/Frameworks @loader_path/Frameworks";
				PRODUCT_NAME = "$(TARGET_NAME)";
				TEST_HOST = "$(BUILT_PRODUCTS_DIR)/significant.app/significant";
			};
			name = Release;
		};
/* End XCBuildConfiguration section */

/* Begin XCConfigurationList section */
		FD997BDE19F1502400AF76B8 /* Build configuration list for PBXProject "significant" */ = {
			isa = XCConfigurationList;
			buildConfigurations = (
				FD997C0419F1502400AF76B8 /* Debug */,
				FD997C0519F1502400AF76B8 /* Release */,
			);
			defaultConfigurationIsVisible = 0;
			defaultConfigurationName = Release;
		};
		FD997C0619F1502400AF76B8 /* Build configuration list for PBXNativeTarget "significant" */ = {
			isa = XCConfigurationList;
			buildConfigurations = (
				FD997C0719F1502400AF76B8 /* Debug */,
				FD997C0819F1502400AF76B8 /* Release */,
			);
			defaultConfigurationIsVisible = 0;
		};
		FD997C0919F1502400AF76B8 /* Build configuration list for PBXNativeTarget "significantTests" */ = {
			isa = XCConfigurationList;
			buildConfigurations = (
				FD997C0A19F1502400AF76B8 /* Debug */,
				FD997C0B19F1502400AF76B8 /* Release */,
			);
			defaultConfigurationIsVisible = 0;
		};
/* End XCConfigurationList section */
	};
	rootObject = FD997BDB19F1502400AF76B8 /* Project object */;
}
